
Microsoft Visual Studio Solution File, Format Version 12.00
# Visual Studio 15
VisualStudioVersion = 15.0.26228.4
MinimumVisualStudioVersion = 10.0.40219.1
Project("{FAE04EC0-301F-11D3-BF4B-00C04F79EFBC}") = "mp3player", "mp3player\mp3player.csproj", "{A186D64C-DE06-436A-AAE1-A68984547B73}"
EndProject
Project("{2150E333-8FDC-42A3-9474-1A3956D46DE8}") = "Solution Items", "Solution Items", "{4DFACCD3-42EE-487C-B843-10A9FF578EFA}"
	ProjectSection(SolutionItems) = preProject
		..\youtubething\youtubething.sln = ..\youtubething\youtubething.sln
	EndProjectSection
EndProject
Global
	GlobalSection(SolutionConfigurationPlatforms) = preSolution
		Debug|Any CPU = Debug|Any CPU
		Release|Any CPU = Release|Any CPU
	EndGlobalSection
	GlobalSection(ProjectConfigurationPlatforms) = postSolution
		{A186D64C-DE06-436A-AAE1-A68984547B73}.Debug|Any CPU.ActiveCfg = Debug|Any CPU
		{A186D64C-DE06-436A-AAE1-A68984547B73}.Debug|Any CPU.Build.0 = Debug|Any CPU
		{A186D64C-DE06-436A-AAE1-A68984547B73}.Release|Any CPU.ActiveCfg = Release|Any CPU
		{A186D64C-DE06-436A-AAE1-A68984547B73}.Release|Any CPU.Build.0 = Release|Any CPU
	EndGlobalSection
	GlobalSection(SolutionProperties) = preSolution
		HideSolutionNode = FALSE
	EndGlobalSection
EndGlobal
